
Microsoft Visual Studio Solution File, Format Version 12.00
# Visual Studio Version 16
VisualStudioVersion = 16.0.31019.35
MinimumVisualStudioVersion = 10.0.40219.1
Project("{9A19103F-16F7-4668-BE54-9A1E7A4F7556}") = "Goedel.Callsign", "Goedel.Callsign.Log\Goedel.Callsign.csproj", "{9910C28C-1F54-4165-BF28-178B3F6DCAB0}"
EndProject
Project("{9A19103F-16F7-4668-BE54-9A1E7A4F7556}") = "Goedel.Utilities", "..\..\mmm\Libraries\Goedel.Utilities\Goedel.Utilities.csproj", "{6358D7E2-2F29-4FD9-8FA5-7DF01BF40F77}"
EndProject
Project("{2150E333-8FDC-42A3-9474-1A3956D46DE8}") = "Library", "Library", "{33AF4E3D-CDCB-44E3-B093-8A5C1D1868DC}"
EndProject
Project("{9A19103F-16F7-4668-BE54-9A1E7A4F7556}") = "Goedel.Command", "..\..\mmm\Libraries\Goedel.Command\Goedel.Command.csproj", "{016CED9F-487D-4014-B90B-1394F29B43AD}"
EndProject
Project("{9A19103F-16F7-4668-BE54-9A1E7A4F7556}") = "Goedel.Protocol", "..\..\mmm\Libraries\Goedel.Protocol\Goedel.Protocol.csproj", "{F341E96C-85BF-44D2-896B-56F8BFB9C6E9}"
EndProject
Project("{9A19103F-16F7-4668-BE54-9A1E7A4F7556}") = "Goedel.Protocol.Presentation", "..\..\mmm\Libraries\Goedel.Protocol.Presentation\Goedel.Protocol.Presentation.csproj", "{9DCE5BF1-CD7C-42AF-8716-ECD74AAA3061}"
EndProject
Project("{9A19103F-16F7-4668-BE54-9A1E7A4F7556}") = "Goedel.Protocol.Debug", "..\..\mmm\Libraries\Goedel.Protocol.Debug\Goedel.Protocol.Debug.csproj", "{52319EDA-6A4A-40C8-81A7-F664D52A1EAE}"
EndProject
Project("{9A19103F-16F7-4668-BE54-9A1E7A4F7556}") = "Goedel.Test", "..\..\mmm\Libraries\Goedel.Test\Goedel.Test.csproj", "{6B8124D6-A07F-4C0B-AFF4-5644F2FE735A}"
EndProject
Project("{9A19103F-16F7-4668-BE54-9A1E7A4F7556}") = "Goedel.Discovery", "..\..\mmm\Libraries\Goedel.Discovery\Goedel.Discovery.csproj", "{C42DAAC0-88E6-4C44-BCAD-49ED41BD9445}"
EndProject
Project("{9A19103F-16F7-4668-BE54-9A1E7A4F7556}") = "Goedel.ASN", "..\..\mmm\Libraries\Goedel.ASN\Goedel.ASN.csproj", "{645AC1B9-30FB-4D4E-9F39-FE4D6EB3C433}"
EndProject
Project("{9A19103F-16F7-4668-BE54-9A1E7A4F7556}") = "Goedel.FSR", "..\..\mmm\Libraries\Goedel.FSR\Goedel.FSR.csproj", "{E2F7004D-E4F8-45F2-905D-C3D54F1E6FCE}"
EndProject
Project("{9A19103F-16F7-4668-BE54-9A1E7A4F7556}") = "Goedel.IO", "..\..\mmm\Libraries\Goedel.IO\Goedel.IO.csproj", "{E9893ED7-1FF1-4B5B-BFA0-200C54328777}"
EndProject
Project("{9A19103F-16F7-4668-BE54-9A1E7A4F7556}") = "Goedel.Registry", "..\..\mmm\Libraries\Goedel.Registry\Goedel.Registry.csproj", "{BBF00FC9-9B35-4B35-8165-FEBA895EB4CD}"
EndProject
Project("{9A19103F-16F7-4668-BE54-9A1E7A4F7556}") = "Goedel.Cryptography.Dare", "..\..\mmm\Libraries\Goedel.Cryptography.Dare\Goedel.Cryptography.Dare.csproj", "{39A839F2-EA66-41F2-BCA1-D588523CD535}"
EndProject
Project("{9A19103F-16F7-4668-BE54-9A1E7A4F7556}") = "Goedel.Cryptography", "..\..\mmm\Libraries\Goedel.Cryptography\Goedel.Cryptography.csproj", "{9020F7CB-B61F-4C87-BCD9-032B4879E86E}"
EndProject
Project("{9A19103F-16F7-4668-BE54-9A1E7A4F7556}") = "Goedel.Cryptography.Core", "..\..\mmm\Libraries\Goedel.Cryptography.Core\Goedel.Cryptography.Core.csproj", "{E4711763-7CDB-4B27-A8FA-5FC1C89A958B}"
EndProject
Project("{9A19103F-16F7-4668-BE54-9A1E7A4F7556}") = "Goedel.Cryptography.Jose", "..\..\mmm\Libraries\Goedel.Cryptography.Jose\Goedel.Cryptography.Jose.csproj", "{ACAA57CA-55BD-40B2-B57B-0EC3CBB85E6B}"
EndProject
Project("{9A19103F-16F7-4668-BE54-9A1E7A4F7556}") = "Goedel.Mesh", "..\..\mmm\Mesh\Goedel.Mesh\Goedel.Mesh.csproj", "{04DA10B1-CC44-48D1-9F91-838A532A5A77}"
EndProject
Project("{9A19103F-16F7-4668-BE54-9A1E7A4F7556}") = "Specification", "Specification\Specification.csproj", "{43FAE384-3B9D-4A31-8B96-2EC930455A33}"
EndProject
Project("{9A19103F-16F7-4668-BE54-9A1E7A4F7556}") = "Goedel.Callsign.Registry", "Goedel.Callsign.Registry\Goedel.Callsign.Registry.csproj", "{03CD6C25-869D-4D10-9E45-0775A96D8CD2}"
EndProject
Project("{9A19103F-16F7-4668-BE54-9A1E7A4F7556}") = "Goedel.Callsign.Registrar", "Goedel.Callsign.Registrar\Goedel.Callsign.Registrar.csproj", "{A3BC16E5-F45E-4B08-BA45-CB42F9BD6852}"
EndProject
Project("{9A19103F-16F7-4668-BE54-9A1E7A4F7556}") = "SpecificationUnit", "Tests\SpecificationUnit\SpecificationUnit.csproj", "{8F1FC67C-EBA4-4768-90BF-53314407E5BA}"
EndProject
Project("{E24C65DC-7377-472B-9ABA-BC803B73C61A}") = "Output", "Output\", "{E9F02490-5F55-4DD1-8098-B79EABB48EBD}"
	ProjectSection(WebsiteProperties) = preProject
		TargetFrameworkMoniker = ".NETFramework,Version%3Dv4.0"
		Debug.AspNetCompiler.VirtualPath = "/localhost_62298"
		Debug.AspNetCompiler.PhysicalPath = "Output\"
		Debug.AspNetCompiler.TargetPath = "PrecompiledWeb\localhost_62298\"
		Debug.AspNetCompiler.Updateable = "true"
		Debug.AspNetCompiler.ForceOverwrite = "true"
		Debug.AspNetCompiler.FixedNames = "false"
		Debug.AspNetCompiler.Debug = "True"
		Release.AspNetCompiler.VirtualPath = "/localhost_62298"
		Release.AspNetCompiler.PhysicalPath = "Output\"
		Release.AspNetCompiler.TargetPath = "PrecompiledWeb\localhost_62298\"
		Release.AspNetCompiler.Updateable = "true"
		Release.AspNetCompiler.ForceOverwrite = "true"
		Release.AspNetCompiler.FixedNames = "false"
		Release.AspNetCompiler.Debug = "False"
		VWDPort = "62298"
		SlnRelativePath = "Output\"
	EndProjectSection
EndProject
Project("{2150E333-8FDC-42A3-9474-1A3956D46DE8}") = "Applications", "Applications", "{9451888A-FFE3-40F5-AD98-933AFDB56A8C}"
EndProject
Project("{9A19103F-16F7-4668-BE54-9A1E7A4F7556}") = "cslookup", "Applications\cslookup\cslookup.csproj", "{8992C3F5-10DE-4689-BAE6-9564DFB72C2C}"
EndProject
Project("{9A19103F-16F7-4668-BE54-9A1E7A4F7556}") = "registryhost", "Applications\registryhost\registryhost.csproj", "{1649F0C4-A8F4-4835-8D8F-44B07F02BFD6}"
EndProject
Project("{9A19103F-16F7-4668-BE54-9A1E7A4F7556}") = "resolverhost", "Applications\resolverhost\resolverhost.csproj", "{2F9EBFF5-0B6F-4F0B-AF17-5ED3A88156EF}"
EndProject
Project("{9A19103F-16F7-4668-BE54-9A1E7A4F7556}") = "Goedel.Mesh.ServiceAdmin", "..\..\mmm\Mesh\Goedel.Mesh.ServiceAdmin\Goedel.Mesh.ServiceAdmin.csproj", "{54D47947-C777-4671-87E4-B93EB9FE6CD0}"
EndProject
Project("{9A19103F-16F7-4668-BE54-9A1E7A4F7556}") = "Goedel.Mesh.Shell.Host", "..\..\mmm\Mesh\Goedel.Mesh.Shell.Host\Goedel.Mesh.Shell.Host.csproj", "{34645C88-3503-4F6E-8E9F-33DFEE888BF1}"
EndProject
Project("{9A19103F-16F7-4668-BE54-9A1E7A4F7556}") = "Goedel.Mesh.Management", "..\..\mmm\Mesh\Goedel.Mesh.Management\Goedel.Mesh.Management.csproj", "{01AB57D9-3A15-41CB-92E8-77E6628A3FBF}"
EndProject
Global
	GlobalSection(SolutionConfigurationPlatforms) = preSolution
		Debug|Any CPU = Debug|Any CPU
		Focus|Any CPU = Focus|Any CPU
		Release|Any CPU = Release|Any CPU
		Windows|Any CPU = Windows|Any CPU
		Yaschema|Any CPU = Yaschema|Any CPU
	EndGlobalSection
	GlobalSection(ProjectConfigurationPlatforms) = postSolution
		{9910C28C-1F54-4165-BF28-178B3F6DCAB0}.Debug|Any CPU.ActiveCfg = Debug|Any CPU
		{9910C28C-1F54-4165-BF28-178B3F6DCAB0}.Debug|Any CPU.Build.0 = Debug|Any CPU
		{9910C28C-1F54-4165-BF28-178B3F6DCAB0}.Focus|Any CPU.ActiveCfg = Focus|Any CPU
		{9910C28C-1F54-4165-BF28-178B3F6DCAB0}.Focus|Any CPU.Build.0 = Focus|Any CPU
		{9910C28C-1F54-4165-BF28-178B3F6DCAB0}.Release|Any CPU.ActiveCfg = Release|Any CPU
		{9910C28C-1F54-4165-BF28-178B3F6DCAB0}.Release|Any CPU.Build.0 = Release|Any CPU
		{9910C28C-1F54-4165-BF28-178B3F6DCAB0}.Windows|Any CPU.ActiveCfg = Windows|Any CPU
		{9910C28C-1F54-4165-BF28-178B3F6DCAB0}.Windows|Any CPU.Build.0 = Windows|Any CPU
		{9910C28C-1F54-4165-BF28-178B3F6DCAB0}.Yaschema|Any CPU.ActiveCfg = Windows|Any CPU
		{9910C28C-1F54-4165-BF28-178B3F6DCAB0}.Yaschema|Any CPU.Build.0 = Windows|Any CPU
		{6358D7E2-2F29-4FD9-8FA5-7DF01BF40F77}.Debug|Any CPU.ActiveCfg = Debug|Any CPU
		{6358D7E2-2F29-4FD9-8FA5-7DF01BF40F77}.Debug|Any CPU.Build.0 = Debug|Any CPU
		{6358D7E2-2F29-4FD9-8FA5-7DF01BF40F77}.Focus|Any CPU.ActiveCfg = Focus|Any CPU
		{6358D7E2-2F29-4FD9-8FA5-7DF01BF40F77}.Focus|Any CPU.Build.0 = Focus|Any CPU
		{6358D7E2-2F29-4FD9-8FA5-7DF01BF40F77}.Release|Any CPU.ActiveCfg = Release|Any CPU
		{6358D7E2-2F29-4FD9-8FA5-7DF01BF40F77}.Release|Any CPU.Build.0 = Release|Any CPU
		{6358D7E2-2F29-4FD9-8FA5-7DF01BF40F77}.Windows|Any CPU.ActiveCfg = Windows|Any CPU
		{6358D7E2-2F29-4FD9-8FA5-7DF01BF40F77}.Windows|Any CPU.Build.0 = Windows|Any CPU
		{6358D7E2-2F29-4FD9-8FA5-7DF01BF40F77}.Yaschema|Any CPU.ActiveCfg = Yaschema|Any CPU
		{6358D7E2-2F29-4FD9-8FA5-7DF01BF40F77}.Yaschema|Any CPU.Build.0 = Yaschema|Any CPU
		{016CED9F-487D-4014-B90B-1394F29B43AD}.Debug|Any CPU.ActiveCfg = Debug|Any CPU
		{016CED9F-487D-4014-B90B-1394F29B43AD}.Debug|Any CPU.Build.0 = Debug|Any CPU
		{016CED9F-487D-4014-B90B-1394F29B43AD}.Focus|Any CPU.ActiveCfg = Focus|Any CPU
		{016CED9F-487D-4014-B90B-1394F29B43AD}.Focus|Any CPU.Build.0 = Focus|Any CPU
		{016CED9F-487D-4014-B90B-1394F29B43AD}.Release|Any CPU.ActiveCfg = Release|Any CPU
		{016CED9F-487D-4014-B90B-1394F29B43AD}.Release|Any CPU.Build.0 = Release|Any CPU
		{016CED9F-487D-4014-B90B-1394F29B43AD}.Windows|Any CPU.ActiveCfg = Windows|Any CPU
		{016CED9F-487D-4014-B90B-1394F29B43AD}.Windows|Any CPU.Build.0 = Windows|Any CPU
		{016CED9F-487D-4014-B90B-1394F29B43AD}.Yaschema|Any CPU.ActiveCfg = Yaschema|Any CPU
		{016CED9F-487D-4014-B90B-1394F29B43AD}.Yaschema|Any CPU.Build.0 = Yaschema|Any CPU
		{F341E96C-85BF-44D2-896B-56F8BFB9C6E9}.Debug|Any CPU.ActiveCfg = Debug|Any CPU
		{F341E96C-85BF-44D2-896B-56F8BFB9C6E9}.Debug|Any CPU.Build.0 = Debug|Any CPU
		{F341E96C-85BF-44D2-896B-56F8BFB9C6E9}.Focus|Any CPU.ActiveCfg = Debug|Any CPU
		{F341E96C-85BF-44D2-896B-56F8BFB9C6E9}.Focus|Any CPU.Build.0 = Debug|Any CPU
		{F341E96C-85BF-44D2-896B-56F8BFB9C6E9}.Release|Any CPU.ActiveCfg = Release|Any CPU
		{F341E96C-85BF-44D2-896B-56F8BFB9C6E9}.Release|Any CPU.Build.0 = Release|Any CPU
		{F341E96C-85BF-44D2-896B-56F8BFB9C6E9}.Windows|Any CPU.ActiveCfg = Debug|Any CPU
		{F341E96C-85BF-44D2-896B-56F8BFB9C6E9}.Windows|Any CPU.Build.0 = Debug|Any CPU
		{F341E96C-85BF-44D2-896B-56F8BFB9C6E9}.Yaschema|Any CPU.ActiveCfg = Debug|Any CPU
		{F341E96C-85BF-44D2-896B-56F8BFB9C6E9}.Yaschema|Any CPU.Build.0 = Debug|Any CPU
		{9DCE5BF1-CD7C-42AF-8716-ECD74AAA3061}.Debug|Any CPU.ActiveCfg = Debug|Any CPU
		{9DCE5BF1-CD7C-42AF-8716-ECD74AAA3061}.Debug|Any CPU.Build.0 = Debug|Any CPU
		{9DCE5BF1-CD7C-42AF-8716-ECD74AAA3061}.Focus|Any CPU.ActiveCfg = Focus|Any CPU
		{9DCE5BF1-CD7C-42AF-8716-ECD74AAA3061}.Focus|Any CPU.Build.0 = Focus|Any CPU
		{9DCE5BF1-CD7C-42AF-8716-ECD74AAA3061}.Release|Any CPU.ActiveCfg = Release|Any CPU
		{9DCE5BF1-CD7C-42AF-8716-ECD74AAA3061}.Release|Any CPU.Build.0 = Release|Any CPU
		{9DCE5BF1-CD7C-42AF-8716-ECD74AAA3061}.Windows|Any CPU.ActiveCfg = Windows|Any CPU
		{9DCE5BF1-CD7C-42AF-8716-ECD74AAA3061}.Windows|Any CPU.Build.0 = Windows|Any CPU
		{9DCE5BF1-CD7C-42AF-8716-ECD74AAA3061}.Yaschema|Any CPU.ActiveCfg = Debug|Any CPU
		{9DCE5BF1-CD7C-42AF-8716-ECD74AAA3061}.Yaschema|Any CPU.Build.0 = Debug|Any CPU
		{52319EDA-6A4A-40C8-81A7-F664D52A1EAE}.Debug|Any CPU.ActiveCfg = Debug|Any CPU
		{52319EDA-6A4A-40C8-81A7-F664D52A1EAE}.Debug|Any CPU.Build.0 = Debug|Any CPU
		{52319EDA-6A4A-40C8-81A7-F664D52A1EAE}.Focus|Any CPU.ActiveCfg = Debug|Any CPU
		{52319EDA-6A4A-40C8-81A7-F664D52A1EAE}.Focus|Any CPU.Build.0 = Debug|Any CPU
		{52319EDA-6A4A-40C8-81A7-F664D52A1EAE}.Release|Any CPU.ActiveCfg = Release|Any CPU
		{52319EDA-6A4A-40C8-81A7-F664D52A1EAE}.Release|Any CPU.Build.0 = Release|Any CPU
		{52319EDA-6A4A-40C8-81A7-F664D52A1EAE}.Windows|Any CPU.ActiveCfg = Windows|Any CPU
		{52319EDA-6A4A-40C8-81A7-F664D52A1EAE}.Windows|Any CPU.Build.0 = Windows|Any CPU
		{52319EDA-6A4A-40C8-81A7-F664D52A1EAE}.Yaschema|Any CPU.ActiveCfg = Debug|Any CPU
		{52319EDA-6A4A-40C8-81A7-F664D52A1EAE}.Yaschema|Any CPU.Build.0 = Debug|Any CPU
		{6B8124D6-A07F-4C0B-AFF4-5644F2FE735A}.Debug|Any CPU.ActiveCfg = Debug|Any CPU
		{6B8124D6-A07F-4C0B-AFF4-5644F2FE735A}.Debug|Any CPU.Build.0 = Debug|Any CPU
		{6B8124D6-A07F-4C0B-AFF4-5644F2FE735A}.Focus|Any CPU.ActiveCfg = Debug|Any CPU
		{6B8124D6-A07F-4C0B-AFF4-5644F2FE735A}.Focus|Any CPU.Build.0 = Debug|Any CPU
		{6B8124D6-A07F-4C0B-AFF4-5644F2FE735A}.Release|Any CPU.ActiveCfg = Release|Any CPU
		{6B8124D6-A07F-4C0B-AFF4-5644F2FE735A}.Release|Any CPU.Build.0 = Release|Any CPU
		{6B8124D6-A07F-4C0B-AFF4-5644F2FE735A}.Windows|Any CPU.ActiveCfg = Windows|Any CPU
		{6B8124D6-A07F-4C0B-AFF4-5644F2FE735A}.Windows|Any CPU.Build.0 = Windows|Any CPU
		{6B8124D6-A07F-4C0B-AFF4-5644F2FE735A}.Yaschema|Any CPU.ActiveCfg = Debug|Any CPU
		{6B8124D6-A07F-4C0B-AFF4-5644F2FE735A}.Yaschema|Any CPU.Build.0 = Debug|Any CPU
		{C42DAAC0-88E6-4C44-BCAD-49ED41BD9445}.Debug|Any CPU.ActiveCfg = Debug|Any CPU
		{C42DAAC0-88E6-4C44-BCAD-49ED41BD9445}.Debug|Any CPU.Build.0 = Debug|Any CPU
		{C42DAAC0-88E6-4C44-BCAD-49ED41BD9445}.Focus|Any CPU.ActiveCfg = Focus|Any CPU
		{C42DAAC0-88E6-4C44-BCAD-49ED41BD9445}.Focus|Any CPU.Build.0 = Focus|Any CPU
		{C42DAAC0-88E6-4C44-BCAD-49ED41BD9445}.Release|Any CPU.ActiveCfg = Release|Any CPU
		{C42DAAC0-88E6-4C44-BCAD-49ED41BD9445}.Release|Any CPU.Build.0 = Release|Any CPU
		{C42DAAC0-88E6-4C44-BCAD-49ED41BD9445}.Windows|Any CPU.ActiveCfg = Windows|Any CPU
		{C42DAAC0-88E6-4C44-BCAD-49ED41BD9445}.Windows|Any CPU.Build.0 = Windows|Any CPU
		{C42DAAC0-88E6-4C44-BCAD-49ED41BD9445}.Yaschema|Any CPU.ActiveCfg = Yaschema|Any CPU
		{C42DAAC0-88E6-4C44-BCAD-49ED41BD9445}.Yaschema|Any CPU.Build.0 = Yaschema|Any CPU
		{645AC1B9-30FB-4D4E-9F39-FE4D6EB3C433}.Debug|Any CPU.ActiveCfg = Debug|Any CPU
		{645AC1B9-30FB-4D4E-9F39-FE4D6EB3C433}.Debug|Any CPU.Build.0 = Debug|Any CPU
		{645AC1B9-30FB-4D4E-9F39-FE4D6EB3C433}.Focus|Any CPU.ActiveCfg = Focus|Any CPU
		{645AC1B9-30FB-4D4E-9F39-FE4D6EB3C433}.Focus|Any CPU.Build.0 = Focus|Any CPU
		{645AC1B9-30FB-4D4E-9F39-FE4D6EB3C433}.Release|Any CPU.ActiveCfg = Release|Any CPU
		{645AC1B9-30FB-4D4E-9F39-FE4D6EB3C433}.Release|Any CPU.Build.0 = Release|Any CPU
		{645AC1B9-30FB-4D4E-9F39-FE4D6EB3C433}.Windows|Any CPU.ActiveCfg = Windows|Any CPU
		{645AC1B9-30FB-4D4E-9F39-FE4D6EB3C433}.Windows|Any CPU.Build.0 = Windows|Any CPU
		{645AC1B9-30FB-4D4E-9F39-FE4D6EB3C433}.Yaschema|Any CPU.ActiveCfg = Yaschema|Any CPU
		{645AC1B9-30FB-4D4E-9F39-FE4D6EB3C433}.Yaschema|Any CPU.Build.0 = Yaschema|Any CPU
		{E2F7004D-E4F8-45F2-905D-C3D54F1E6FCE}.Debug|Any CPU.ActiveCfg = Debug|Any CPU
		{E2F7004D-E4F8-45F2-905D-C3D54F1E6FCE}.Debug|Any CPU.Build.0 = Debug|Any CPU
		{E2F7004D-E4F8-45F2-905D-C3D54F1E6FCE}.Focus|Any CPU.ActiveCfg = Focus|Any CPU
		{E2F7004D-E4F8-45F2-905D-C3D54F1E6FCE}.Focus|Any CPU.Build.0 = Focus|Any CPU
		{E2F7004D-E4F8-45F2-905D-C3D54F1E6FCE}.Release|Any CPU.ActiveCfg = Release|Any CPU
		{E2F7004D-E4F8-45F2-905D-C3D54F1E6FCE}.Release|Any CPU.Build.0 = Release|Any CPU
		{E2F7004D-E4F8-45F2-905D-C3D54F1E6FCE}.Windows|Any CPU.ActiveCfg = Windows|Any CPU
		{E2F7004D-E4F8-45F2-905D-C3D54F1E6FCE}.Windows|Any CPU.Build.0 = Windows|Any CPU
		{E2F7004D-E4F8-45F2-905D-C3D54F1E6FCE}.Yaschema|Any CPU.ActiveCfg = Yaschema|Any CPU
		{E2F7004D-E4F8-45F2-905D-C3D54F1E6FCE}.Yaschema|Any CPU.Build.0 = Yaschema|Any CPU
		{E9893ED7-1FF1-4B5B-BFA0-200C54328777}.Debug|Any CPU.ActiveCfg = Debug|Any CPU
		{E9893ED7-1FF1-4B5B-BFA0-200C54328777}.Debug|Any CPU.Build.0 = Debug|Any CPU
		{E9893ED7-1FF1-4B5B-BFA0-200C54328777}.Focus|Any CPU.ActiveCfg = Focus|Any CPU
		{E9893ED7-1FF1-4B5B-BFA0-200C54328777}.Focus|Any CPU.Build.0 = Focus|Any CPU
		{E9893ED7-1FF1-4B5B-BFA0-200C54328777}.Release|Any CPU.ActiveCfg = Release|Any CPU
		{E9893ED7-1FF1-4B5B-BFA0-200C54328777}.Release|Any CPU.Build.0 = Release|Any CPU
		{E9893ED7-1FF1-4B5B-BFA0-200C54328777}.Windows|Any CPU.ActiveCfg = Windows|Any CPU
		{E9893ED7-1FF1-4B5B-BFA0-200C54328777}.Windows|Any CPU.Build.0 = Windows|Any CPU
		{E9893ED7-1FF1-4B5B-BFA0-200C54328777}.Yaschema|Any CPU.ActiveCfg = Yaschema|Any CPU
		{E9893ED7-1FF1-4B5B-BFA0-200C54328777}.Yaschema|Any CPU.Build.0 = Yaschema|Any CPU
		{BBF00FC9-9B35-4B35-8165-FEBA895EB4CD}.Debug|Any CPU.ActiveCfg = Debug|Any CPU
		{BBF00FC9-9B35-4B35-8165-FEBA895EB4CD}.Debug|Any CPU.Build.0 = Debug|Any CPU
		{BBF00FC9-9B35-4B35-8165-FEBA895EB4CD}.Focus|Any CPU.ActiveCfg = Focus|Any CPU
		{BBF00FC9-9B35-4B35-8165-FEBA895EB4CD}.Focus|Any CPU.Build.0 = Focus|Any CPU
		{BBF00FC9-9B35-4B35-8165-FEBA895EB4CD}.Release|Any CPU.ActiveCfg = Release|Any CPU
		{BBF00FC9-9B35-4B35-8165-FEBA895EB4CD}.Release|Any CPU.Build.0 = Release|Any CPU
		{BBF00FC9-9B35-4B35-8165-FEBA895EB4CD}.Windows|Any CPU.ActiveCfg = Windows|Any CPU
		{BBF00FC9-9B35-4B35-8165-FEBA895EB4CD}.Windows|Any CPU.Build.0 = Windows|Any CPU
		{BBF00FC9-9B35-4B35-8165-FEBA895EB4CD}.Yaschema|Any CPU.ActiveCfg = Yaschema|Any CPU
		{BBF00FC9-9B35-4B35-8165-FEBA895EB4CD}.Yaschema|Any CPU.Build.0 = Yaschema|Any CPU
		{39A839F2-EA66-41F2-BCA1-D588523CD535}.Debug|Any CPU.ActiveCfg = Debug|Any CPU
		{39A839F2-EA66-41F2-BCA1-D588523CD535}.Debug|Any CPU.Build.0 = Debug|Any CPU
		{39A839F2-EA66-41F2-BCA1-D588523CD535}.Focus|Any CPU.ActiveCfg = Debug|Any CPU
		{39A839F2-EA66-41F2-BCA1-D588523CD535}.Focus|Any CPU.Build.0 = Debug|Any CPU
		{39A839F2-EA66-41F2-BCA1-D588523CD535}.Release|Any CPU.ActiveCfg = Release|Any CPU
		{39A839F2-EA66-41F2-BCA1-D588523CD535}.Release|Any CPU.Build.0 = Release|Any CPU
		{39A839F2-EA66-41F2-BCA1-D588523CD535}.Windows|Any CPU.ActiveCfg = Windows|Any CPU
		{39A839F2-EA66-41F2-BCA1-D588523CD535}.Windows|Any CPU.Build.0 = Windows|Any CPU
		{39A839F2-EA66-41F2-BCA1-D588523CD535}.Yaschema|Any CPU.ActiveCfg = Debug|Any CPU
		{39A839F2-EA66-41F2-BCA1-D588523CD535}.Yaschema|Any CPU.Build.0 = Debug|Any CPU
		{9020F7CB-B61F-4C87-BCD9-032B4879E86E}.Debug|Any CPU.ActiveCfg = Debug|Any CPU
		{9020F7CB-B61F-4C87-BCD9-032B4879E86E}.Debug|Any CPU.Build.0 = Debug|Any CPU
		{9020F7CB-B61F-4C87-BCD9-032B4879E86E}.Focus|Any CPU.ActiveCfg = Focus|Any CPU
		{9020F7CB-B61F-4C87-BCD9-032B4879E86E}.Focus|Any CPU.Build.0 = Focus|Any CPU
		{9020F7CB-B61F-4C87-BCD9-032B4879E86E}.Release|Any CPU.ActiveCfg = Release|Any CPU
		{9020F7CB-B61F-4C87-BCD9-032B4879E86E}.Release|Any CPU.Build.0 = Release|Any CPU
		{9020F7CB-B61F-4C87-BCD9-032B4879E86E}.Windows|Any CPU.ActiveCfg = Windows|Any CPU
		{9020F7CB-B61F-4C87-BCD9-032B4879E86E}.Windows|Any CPU.Build.0 = Windows|Any CPU
		{9020F7CB-B61F-4C87-BCD9-032B4879E86E}.Yaschema|Any CPU.ActiveCfg = Debug|Any CPU
		{9020F7CB-B61F-4C87-BCD9-032B4879E86E}.Yaschema|Any CPU.Build.0 = Debug|Any CPU
		{E4711763-7CDB-4B27-A8FA-5FC1C89A958B}.Debug|Any CPU.ActiveCfg = Debug|Any CPU
		{E4711763-7CDB-4B27-A8FA-5FC1C89A958B}.Debug|Any CPU.Build.0 = Debug|Any CPU
		{E4711763-7CDB-4B27-A8FA-5FC1C89A958B}.Focus|Any CPU.ActiveCfg = Debug|Any CPU
		{E4711763-7CDB-4B27-A8FA-5FC1C89A958B}.Focus|Any CPU.Build.0 = Debug|Any CPU
		{E4711763-7CDB-4B27-A8FA-5FC1C89A958B}.Release|Any CPU.ActiveCfg = Release|Any CPU
		{E4711763-7CDB-4B27-A8FA-5FC1C89A958B}.Release|Any CPU.Build.0 = Release|Any CPU
		{E4711763-7CDB-4B27-A8FA-5FC1C89A958B}.Windows|Any CPU.ActiveCfg = Windows|Any CPU
		{E4711763-7CDB-4B27-A8FA-5FC1C89A958B}.Windows|Any CPU.Build.0 = Windows|Any CPU
		{E4711763-7CDB-4B27-A8FA-5FC1C89A958B}.Yaschema|Any CPU.ActiveCfg = Debug|Any CPU
		{E4711763-7CDB-4B27-A8FA-5FC1C89A958B}.Yaschema|Any CPU.Build.0 = Debug|Any CPU
		{ACAA57CA-55BD-40B2-B57B-0EC3CBB85E6B}.Debug|Any CPU.ActiveCfg = Debug|Any CPU
		{ACAA57CA-55BD-40B2-B57B-0EC3CBB85E6B}.Debug|Any CPU.Build.0 = Debug|Any CPU
		{ACAA57CA-55BD-40B2-B57B-0EC3CBB85E6B}.Focus|Any CPU.ActiveCfg = Debug|Any CPU
		{ACAA57CA-55BD-40B2-B57B-0EC3CBB85E6B}.Focus|Any CPU.Build.0 = Debug|Any CPU
		{ACAA57CA-55BD-40B2-B57B-0EC3CBB85E6B}.Release|Any CPU.ActiveCfg = Release|Any CPU
		{ACAA57CA-55BD-40B2-B57B-0EC3CBB85E6B}.Release|Any CPU.Build.0 = Release|Any CPU
		{ACAA57CA-55BD-40B2-B57B-0EC3CBB85E6B}.Windows|Any CPU.ActiveCfg = Windows|Any CPU
		{ACAA57CA-55BD-40B2-B57B-0EC3CBB85E6B}.Windows|Any CPU.Build.0 = Windows|Any CPU
		{ACAA57CA-55BD-40B2-B57B-0EC3CBB85E6B}.Yaschema|Any CPU.ActiveCfg = Debug|Any CPU
		{ACAA57CA-55BD-40B2-B57B-0EC3CBB85E6B}.Yaschema|Any CPU.Build.0 = Debug|Any CPU
		{04DA10B1-CC44-48D1-9F91-838A532A5A77}.Debug|Any CPU.ActiveCfg = Debug|Any CPU
		{04DA10B1-CC44-48D1-9F91-838A532A5A77}.Debug|Any CPU.Build.0 = Debug|Any CPU
		{04DA10B1-CC44-48D1-9F91-838A532A5A77}.Focus|Any CPU.ActiveCfg = Debug|Any CPU
		{04DA10B1-CC44-48D1-9F91-838A532A5A77}.Focus|Any CPU.Build.0 = Debug|Any CPU
		{04DA10B1-CC44-48D1-9F91-838A532A5A77}.Release|Any CPU.ActiveCfg = Release|Any CPU
		{04DA10B1-CC44-48D1-9F91-838A532A5A77}.Release|Any CPU.Build.0 = Release|Any CPU
		{04DA10B1-CC44-48D1-9F91-838A532A5A77}.Windows|Any CPU.ActiveCfg = Windows|Any CPU
		{04DA10B1-CC44-48D1-9F91-838A532A5A77}.Windows|Any CPU.Build.0 = Windows|Any CPU
		{04DA10B1-CC44-48D1-9F91-838A532A5A77}.Yaschema|Any CPU.ActiveCfg = Debug|Any CPU
		{04DA10B1-CC44-48D1-9F91-838A532A5A77}.Yaschema|Any CPU.Build.0 = Debug|Any CPU
		{43FAE384-3B9D-4A31-8B96-2EC930455A33}.Debug|Any CPU.ActiveCfg = Debug|Any CPU
		{43FAE384-3B9D-4A31-8B96-2EC930455A33}.Debug|Any CPU.Build.0 = Debug|Any CPU
		{43FAE384-3B9D-4A31-8B96-2EC930455A33}.Focus|Any CPU.ActiveCfg = Focus|Any CPU
		{43FAE384-3B9D-4A31-8B96-2EC930455A33}.Focus|Any CPU.Build.0 = Focus|Any CPU
		{43FAE384-3B9D-4A31-8B96-2EC930455A33}.Release|Any CPU.ActiveCfg = Release|Any CPU
		{43FAE384-3B9D-4A31-8B96-2EC930455A33}.Release|Any CPU.Build.0 = Release|Any CPU
		{43FAE384-3B9D-4A31-8B96-2EC930455A33}.Windows|Any CPU.ActiveCfg = Windows|Any CPU
		{43FAE384-3B9D-4A31-8B96-2EC930455A33}.Windows|Any CPU.Build.0 = Windows|Any CPU
		{43FAE384-3B9D-4A31-8B96-2EC930455A33}.Yaschema|Any CPU.ActiveCfg = Debug|Any CPU
		{43FAE384-3B9D-4A31-8B96-2EC930455A33}.Yaschema|Any CPU.Build.0 = Debug|Any CPU
		{03CD6C25-869D-4D10-9E45-0775A96D8CD2}.Debug|Any CPU.ActiveCfg = Debug|Any CPU
		{03CD6C25-869D-4D10-9E45-0775A96D8CD2}.Debug|Any CPU.Build.0 = Debug|Any CPU
		{03CD6C25-869D-4D10-9E45-0775A96D8CD2}.Focus|Any CPU.ActiveCfg = Focus|Any CPU
		{03CD6C25-869D-4D10-9E45-0775A96D8CD2}.Focus|Any CPU.Build.0 = Focus|Any CPU
		{03CD6C25-869D-4D10-9E45-0775A96D8CD2}.Release|Any CPU.ActiveCfg = Release|Any CPU
		{03CD6C25-869D-4D10-9E45-0775A96D8CD2}.Release|Any CPU.Build.0 = Release|Any CPU
		{03CD6C25-869D-4D10-9E45-0775A96D8CD2}.Windows|Any CPU.ActiveCfg = Windows|Any CPU
		{03CD6C25-869D-4D10-9E45-0775A96D8CD2}.Windows|Any CPU.Build.0 = Windows|Any CPU
		{03CD6C25-869D-4D10-9E45-0775A96D8CD2}.Yaschema|Any CPU.ActiveCfg = Debug|Any CPU
		{03CD6C25-869D-4D10-9E45-0775A96D8CD2}.Yaschema|Any CPU.Build.0 = Debug|Any CPU
		{A3BC16E5-F45E-4B08-BA45-CB42F9BD6852}.Debug|Any CPU.ActiveCfg = Debug|Any CPU
		{A3BC16E5-F45E-4B08-BA45-CB42F9BD6852}.Debug|Any CPU.Build.0 = Debug|Any CPU
		{A3BC16E5-F45E-4B08-BA45-CB42F9BD6852}.Focus|Any CPU.ActiveCfg = Focus|Any CPU
		{A3BC16E5-F45E-4B08-BA45-CB42F9BD6852}.Focus|Any CPU.Build.0 = Focus|Any CPU
		{A3BC16E5-F45E-4B08-BA45-CB42F9BD6852}.Release|Any CPU.ActiveCfg = Release|Any CPU
		{A3BC16E5-F45E-4B08-BA45-CB42F9BD6852}.Release|Any CPU.Build.0 = Release|Any CPU
		{A3BC16E5-F45E-4B08-BA45-CB42F9BD6852}.Windows|Any CPU.ActiveCfg = Windows|Any CPU
		{A3BC16E5-F45E-4B08-BA45-CB42F9BD6852}.Windows|Any CPU.Build.0 = Windows|Any CPU
		{A3BC16E5-F45E-4B08-BA45-CB42F9BD6852}.Yaschema|Any CPU.ActiveCfg = Debug|Any CPU
		{A3BC16E5-F45E-4B08-BA45-CB42F9BD6852}.Yaschema|Any CPU.Build.0 = Debug|Any CPU
		{8F1FC67C-EBA4-4768-90BF-53314407E5BA}.Debug|Any CPU.ActiveCfg = Debug|Any CPU
		{8F1FC67C-EBA4-4768-90BF-53314407E5BA}.Debug|Any CPU.Build.0 = Debug|Any CPU
		{8F1FC67C-EBA4-4768-90BF-53314407E5BA}.Focus|Any CPU.ActiveCfg = Debug|Any CPU
		{8F1FC67C-EBA4-4768-90BF-53314407E5BA}.Focus|Any CPU.Build.0 = Debug|Any CPU
		{8F1FC67C-EBA4-4768-90BF-53314407E5BA}.Release|Any CPU.ActiveCfg = Release|Any CPU
		{8F1FC67C-EBA4-4768-90BF-53314407E5BA}.Release|Any CPU.Build.0 = Release|Any CPU
		{8F1FC67C-EBA4-4768-90BF-53314407E5BA}.Windows|Any CPU.ActiveCfg = Debug|Any CPU
		{8F1FC67C-EBA4-4768-90BF-53314407E5BA}.Windows|Any CPU.Build.0 = Debug|Any CPU
		{8F1FC67C-EBA4-4768-90BF-53314407E5BA}.Yaschema|Any CPU.ActiveCfg = Debug|Any CPU
		{8F1FC67C-EBA4-4768-90BF-53314407E5BA}.Yaschema|Any CPU.Build.0 = Debug|Any CPU
		{E9F02490-5F55-4DD1-8098-B79EABB48EBD}.Debug|Any CPU.ActiveCfg = Debug|Any CPU
		{E9F02490-5F55-4DD1-8098-B79EABB48EBD}.Debug|Any CPU.Build.0 = Debug|Any CPU
		{E9F02490-5F55-4DD1-8098-B79EABB48EBD}.Focus|Any CPU.ActiveCfg = Debug|Any CPU
		{E9F02490-5F55-4DD1-8098-B79EABB48EBD}.Focus|Any CPU.Build.0 = Debug|Any CPU
		{E9F02490-5F55-4DD1-8098-B79EABB48EBD}.Release|Any CPU.ActiveCfg = Debug|Any CPU
		{E9F02490-5F55-4DD1-8098-B79EABB48EBD}.Release|Any CPU.Build.0 = Debug|Any CPU
		{E9F02490-5F55-4DD1-8098-B79EABB48EBD}.Windows|Any CPU.ActiveCfg = Debug|Any CPU
		{E9F02490-5F55-4DD1-8098-B79EABB48EBD}.Windows|Any CPU.Build.0 = Debug|Any CPU
		{E9F02490-5F55-4DD1-8098-B79EABB48EBD}.Yaschema|Any CPU.ActiveCfg = Debug|Any CPU
		{E9F02490-5F55-4DD1-8098-B79EABB48EBD}.Yaschema|Any CPU.Build.0 = Debug|Any CPU
		{8992C3F5-10DE-4689-BAE6-9564DFB72C2C}.Debug|Any CPU.ActiveCfg = Debug|Any CPU
		{8992C3F5-10DE-4689-BAE6-9564DFB72C2C}.Debug|Any CPU.Build.0 = Debug|Any CPU
		{8992C3F5-10DE-4689-BAE6-9564DFB72C2C}.Focus|Any CPU.ActiveCfg = Debug|Any CPU
		{8992C3F5-10DE-4689-BAE6-9564DFB72C2C}.Focus|Any CPU.Build.0 = Debug|Any CPU
		{8992C3F5-10DE-4689-BAE6-9564DFB72C2C}.Release|Any CPU.ActiveCfg = Release|Any CPU
		{8992C3F5-10DE-4689-BAE6-9564DFB72C2C}.Release|Any CPU.Build.0 = Release|Any CPU
		{8992C3F5-10DE-4689-BAE6-9564DFB72C2C}.Windows|Any CPU.ActiveCfg = Debug|Any CPU
		{8992C3F5-10DE-4689-BAE6-9564DFB72C2C}.Windows|Any CPU.Build.0 = Debug|Any CPU
		{8992C3F5-10DE-4689-BAE6-9564DFB72C2C}.Yaschema|Any CPU.ActiveCfg = Debug|Any CPU
		{8992C3F5-10DE-4689-BAE6-9564DFB72C2C}.Yaschema|Any CPU.Build.0 = Debug|Any CPU
		{1649F0C4-A8F4-4835-8D8F-44B07F02BFD6}.Debug|Any CPU.ActiveCfg = Debug|Any CPU
		{1649F0C4-A8F4-4835-8D8F-44B07F02BFD6}.Debug|Any CPU.Build.0 = Debug|Any CPU
		{1649F0C4-A8F4-4835-8D8F-44B07F02BFD6}.Focus|Any CPU.ActiveCfg = Debug|Any CPU
		{1649F0C4-A8F4-4835-8D8F-44B07F02BFD6}.Focus|Any CPU.Build.0 = Debug|Any CPU
		{1649F0C4-A8F4-4835-8D8F-44B07F02BFD6}.Release|Any CPU.ActiveCfg = Release|Any CPU
		{1649F0C4-A8F4-4835-8D8F-44B07F02BFD6}.Release|Any CPU.Build.0 = Release|Any CPU
		{1649F0C4-A8F4-4835-8D8F-44B07F02BFD6}.Windows|Any CPU.ActiveCfg = Debug|Any CPU
		{1649F0C4-A8F4-4835-8D8F-44B07F02BFD6}.Windows|Any CPU.Build.0 = Debug|Any CPU
		{1649F0C4-A8F4-4835-8D8F-44B07F02BFD6}.Yaschema|Any CPU.ActiveCfg = Debug|Any CPU
		{1649F0C4-A8F4-4835-8D8F-44B07F02BFD6}.Yaschema|Any CPU.Build.0 = Debug|Any CPU
		{2F9EBFF5-0B6F-4F0B-AF17-5ED3A88156EF}.Debug|Any CPU.ActiveCfg = Debug|Any CPU
		{2F9EBFF5-0B6F-4F0B-AF17-5ED3A88156EF}.Debug|Any CPU.Build.0 = Debug|Any CPU
		{2F9EBFF5-0B6F-4F0B-AF17-5ED3A88156EF}.Focus|Any CPU.ActiveCfg = Debug|Any CPU
		{2F9EBFF5-0B6F-4F0B-AF17-5ED3A88156EF}.Focus|Any CPU.Build.0 = Debug|Any CPU
		{2F9EBFF5-0B6F-4F0B-AF17-5ED3A88156EF}.Release|Any CPU.ActiveCfg = Release|Any CPU
		{2F9EBFF5-0B6F-4F0B-AF17-5ED3A88156EF}.Release|Any CPU.Build.0 = Release|Any CPU
		{2F9EBFF5-0B6F-4F0B-AF17-5ED3A88156EF}.Windows|Any CPU.ActiveCfg = Debug|Any CPU
		{2F9EBFF5-0B6F-4F0B-AF17-5ED3A88156EF}.Windows|Any CPU.Build.0 = Debug|Any CPU
		{2F9EBFF5-0B6F-4F0B-AF17-5ED3A88156EF}.Yaschema|Any CPU.ActiveCfg = Debug|Any CPU
		{2F9EBFF5-0B6F-4F0B-AF17-5ED3A88156EF}.Yaschema|Any CPU.Build.0 = Debug|Any CPU
		{54D47947-C777-4671-87E4-B93EB9FE6CD0}.Debug|Any CPU.ActiveCfg = Debug|Any CPU
		{54D47947-C777-4671-87E4-B93EB9FE6CD0}.Debug|Any CPU.Build.0 = Debug|Any CPU
		{54D47947-C777-4671-87E4-B93EB9FE6CD0}.Focus|Any CPU.ActiveCfg = Debug|Any CPU
		{54D47947-C777-4671-87E4-B93EB9FE6CD0}.Focus|Any CPU.Build.0 = Debug|Any CPU
		{54D47947-C777-4671-87E4-B93EB9FE6CD0}.Release|Any CPU.ActiveCfg = Release|Any CPU
		{54D47947-C777-4671-87E4-B93EB9FE6CD0}.Release|Any CPU.Build.0 = Release|Any CPU
		{54D47947-C777-4671-87E4-B93EB9FE6CD0}.Windows|Any CPU.ActiveCfg = Windows|Any CPU
		{54D47947-C777-4671-87E4-B93EB9FE6CD0}.Windows|Any CPU.Build.0 = Windows|Any CPU
		{54D47947-C777-4671-87E4-B93EB9FE6CD0}.Yaschema|Any CPU.ActiveCfg = Debug|Any CPU
		{54D47947-C777-4671-87E4-B93EB9FE6CD0}.Yaschema|Any CPU.Build.0 = Debug|Any CPU
		{34645C88-3503-4F6E-8E9F-33DFEE888BF1}.Debug|Any CPU.ActiveCfg = Debug|Any CPU
		{34645C88-3503-4F6E-8E9F-33DFEE888BF1}.Debug|Any CPU.Build.0 = Debug|Any CPU
		{34645C88-3503-4F6E-8E9F-33DFEE888BF1}.Focus|Any CPU.ActiveCfg = Debug|Any CPU
		{34645C88-3503-4F6E-8E9F-33DFEE888BF1}.Focus|Any CPU.Build.0 = Debug|Any CPU
		{34645C88-3503-4F6E-8E9F-33DFEE888BF1}.Release|Any CPU.ActiveCfg = Release|Any CPU
		{34645C88-3503-4F6E-8E9F-33DFEE888BF1}.Release|Any CPU.Build.0 = Release|Any CPU
		{34645C88-3503-4F6E-8E9F-33DFEE888BF1}.Windows|Any CPU.ActiveCfg = Windows|Any CPU
		{34645C88-3503-4F6E-8E9F-33DFEE888BF1}.Windows|Any CPU.Build.0 = Windows|Any CPU
		{34645C88-3503-4F6E-8E9F-33DFEE888BF1}.Yaschema|Any CPU.ActiveCfg = Debug|Any CPU
		{34645C88-3503-4F6E-8E9F-33DFEE888BF1}.Yaschema|Any CPU.Build.0 = Debug|Any CPU
		{01AB57D9-3A15-41CB-92E8-77E6628A3FBF}.Debug|Any CPU.ActiveCfg = Debug|Any CPU
		{01AB57D9-3A15-41CB-92E8-77E6628A3FBF}.Debug|Any CPU.Build.0 = Debug|Any CPU
		{01AB57D9-3A15-41CB-92E8-77E6628A3FBF}.Focus|Any CPU.ActiveCfg = Debug|Any CPU
		{01AB57D9-3A15-41CB-92E8-77E6628A3FBF}.Focus|Any CPU.Build.0 = Debug|Any CPU
		{01AB57D9-3A15-41CB-92E8-77E6628A3FBF}.Release|Any CPU.ActiveCfg = Release|Any CPU
		{01AB57D9-3A15-41CB-92E8-77E6628A3FBF}.Release|Any CPU.Build.0 = Release|Any CPU
		{01AB57D9-3A15-41CB-92E8-77E6628A3FBF}.Windows|Any CPU.ActiveCfg = Debug|Any CPU
		{01AB57D9-3A15-41CB-92E8-77E6628A3FBF}.Windows|Any CPU.Build.0 = Debug|Any CPU
		{01AB57D9-3A15-41CB-92E8-77E6628A3FBF}.Yaschema|Any CPU.ActiveCfg = Debug|Any CPU
		{01AB57D9-3A15-41CB-92E8-77E6628A3FBF}.Yaschema|Any CPU.Build.0 = Debug|Any CPU
	EndGlobalSection
	GlobalSection(SolutionProperties) = preSolution
		HideSolutionNode = FALSE
	EndGlobalSection
	GlobalSection(NestedProjects) = preSolution
		{6358D7E2-2F29-4FD9-8FA5-7DF01BF40F77} = {33AF4E3D-CDCB-44E3-B093-8A5C1D1868DC}
		{016CED9F-487D-4014-B90B-1394F29B43AD} = {33AF4E3D-CDCB-44E3-B093-8A5C1D1868DC}
		{F341E96C-85BF-44D2-896B-56F8BFB9C6E9} = {33AF4E3D-CDCB-44E3-B093-8A5C1D1868DC}
		{9DCE5BF1-CD7C-42AF-8716-ECD74AAA3061} = {33AF4E3D-CDCB-44E3-B093-8A5C1D1868DC}
		{52319EDA-6A4A-40C8-81A7-F664D52A1EAE} = {33AF4E3D-CDCB-44E3-B093-8A5C1D1868DC}
		{6B8124D6-A07F-4C0B-AFF4-5644F2FE735A} = {33AF4E3D-CDCB-44E3-B093-8A5C1D1868DC}
		{C42DAAC0-88E6-4C44-BCAD-49ED41BD9445} = {33AF4E3D-CDCB-44E3-B093-8A5C1D1868DC}
		{645AC1B9-30FB-4D4E-9F39-FE4D6EB3C433} = {33AF4E3D-CDCB-44E3-B093-8A5C1D1868DC}
		{E2F7004D-E4F8-45F2-905D-C3D54F1E6FCE} = {33AF4E3D-CDCB-44E3-B093-8A5C1D1868DC}
		{E9893ED7-1FF1-4B5B-BFA0-200C54328777} = {33AF4E3D-CDCB-44E3-B093-8A5C1D1868DC}
		{BBF00FC9-9B35-4B35-8165-FEBA895EB4CD} = {33AF4E3D-CDCB-44E3-B093-8A5C1D1868DC}
		{39A839F2-EA66-41F2-BCA1-D588523CD535} = {33AF4E3D-CDCB-44E3-B093-8A5C1D1868DC}
		{9020F7CB-B61F-4C87-BCD9-032B4879E86E} = {33AF4E3D-CDCB-44E3-B093-8A5C1D1868DC}
		{E4711763-7CDB-4B27-A8FA-5FC1C89A958B} = {33AF4E3D-CDCB-44E3-B093-8A5C1D1868DC}
		{ACAA57CA-55BD-40B2-B57B-0EC3CBB85E6B} = {33AF4E3D-CDCB-44E3-B093-8A5C1D1868DC}
		{04DA10B1-CC44-48D1-9F91-838A532A5A77} = {33AF4E3D-CDCB-44E3-B093-8A5C1D1868DC}
		{8992C3F5-10DE-4689-BAE6-9564DFB72C2C} = {9451888A-FFE3-40F5-AD98-933AFDB56A8C}
		{1649F0C4-A8F4-4835-8D8F-44B07F02BFD6} = {9451888A-FFE3-40F5-AD98-933AFDB56A8C}
		{2F9EBFF5-0B6F-4F0B-AF17-5ED3A88156EF} = {9451888A-FFE3-40F5-AD98-933AFDB56A8C}
		{54D47947-C777-4671-87E4-B93EB9FE6CD0} = {33AF4E3D-CDCB-44E3-B093-8A5C1D1868DC}
		{34645C88-3503-4F6E-8E9F-33DFEE888BF1} = {33AF4E3D-CDCB-44E3-B093-8A5C1D1868DC}
		{01AB57D9-3A15-41CB-92E8-77E6628A3FBF} = {33AF4E3D-CDCB-44E3-B093-8A5C1D1868DC}
	EndGlobalSection
	GlobalSection(ExtensibilityGlobals) = postSolution
		SolutionGuid = {50528DAB-483B-4474-A83F-B8EC45EC1CDA}
	EndGlobalSection
EndGlobal
